
Microsoft Visual Studio Solution File, Format Version 12.00
# Visual Studio Version 16
VisualStudioVersion = 16.0.32428.217
MinimumVisualStudioVersion = 10.0.40219.1
Project("{FAE04EC0-301F-11D3-BF4B-00C04F79EFBC}") = "MeuSiteMVC", "MeuSiteMVC\MeuSiteMVC.csproj", "{97DDFD9D-4A72-4BAF-84BB-54632D699333}"
EndProject
Global
	GlobalSection(SolutionConfigurationPlatforms) = preSolution
		Debug|Any CPU = Debug|Any CPU
		Release|Any CPU = Release|Any CPU
	EndGlobalSection
	GlobalSection(ProjectConfigurationPlatforms) = postSolution
		{97DDFD9D-4A72-4BAF-84BB-54632D699333}.Debug|Any CPU.ActiveCfg = Debug|Any CPU
		{97DDFD9D-4A72-4BAF-84BB-54632D699333}.Debug|Any CPU.Build.0 = Debug|Any CPU
		{97DDFD9D-4A72-4BAF-84BB-54632D699333}.Release|Any CPU.ActiveCfg = Release|Any CPU
		{97DDFD9D-4A72-4BAF-84BB-54632D699333}.Release|Any CPU.Build.0 = Release|Any CPU
	EndGlobalSection
	GlobalSection(SolutionProperties) = preSolution
		HideSolutionNode = FALSE
	EndGlobalSection
	GlobalSection(ExtensibilityGlobals) = postSolution
		SolutionGuid = {1E35A170-DD85-4810-8148-C81313B2E6BF}
	EndGlobalSection
EndGlobal
